// !$*UTF8*$!
{
	archiveVersion = 1;
	classes = {
	};
	objectVersion = 46;
	objects = {

/* Begin PBXBuildFile section */
		661404501AE5D95D003020C7 /* main.m in Sources */ = {isa = PBXBuildFile; fileRef = 6614044F1AE5D95D003020C7 /* main.m */; };
		661404531AE5D95D003020C7 /* AppDelegate.m in Sources */ = {isa = PBXBuildFile; fileRef = 661404521AE5D95D003020C7 /* AppDelegate.m */; };
		661404561AE5D95D003020C7 /* GameScene.m in Sources */ = {isa = PBXBuildFile; fileRef = 661404551AE5D95D003020C7 /* GameScene.m */; };
		661404581AE5D95D003020C7 /* GameScene.sks in Resources */ = {isa = PBXBuildFile; fileRef = 661404571AE5D95D003020C7 /* GameScene.sks */; };
		6614045B1AE5D95D003020C7 /* GameViewController.m in Sources */ = {isa = PBXBuildFile; fileRef = 6614045A1AE5D95D003020C7 /* GameViewController.m */; };
		6614045E1AE5D95D003020C7 /* Main.storyboard in Resources */ = {isa = PBXBuildFile; fileRef = 6614045C1AE5D95D003020C7 /* Main.storyboard */; };
		661404601AE5D95D003020C7 /* Images.xcassets in Resources */ = {isa = PBXBuildFile; fileRef = 6614045F1AE5D95D003020C7 /* Images.xcassets */; };
		661404631AE5D95D003020C7 /* LaunchScreen.xib in Resources */ = {isa = PBXBuildFile; fileRef = 661404611AE5D95D003020C7 /* LaunchScreen.xib */; };
		6614046F1AE5D95D003020C7 /* SpriteKitDemoTests.m in Sources */ = {isa = PBXBuildFile; fileRef = 6614046E1AE5D95D003020C7 /* SpriteKitDemoTests.m */; };
/* End PBXBuildFile section */

/* Begin PBXContainerItemProxy section */
		661404691AE5D95D003020C7 /* PBXContainerItemProxy */ = {
			isa = PBXContainerItemProxy;
			containerPortal = 661404421AE5D95D003020C7 /* Project object */;
			proxyType = 1;
			remoteGlobalIDString = 661404491AE5D95D003020C7;
			remoteInfo = SpriteKitDemo;
		};
/* End PBXContainerItemProxy section */

/* Begin PBXFileReference section */
		6614044A1AE5D95D003020C7 /* SpriteKitDemo.app */ = {isa = PBXFileReference; explicitFileType = wrapper.application; includeInIndex = 0; path = SpriteKitDemo.app; sourceTree = BUILT_PRODUCTS_DIR; };
		6614044E1AE5D95D003020C7 /* Info.plist */ = {isa = PBXFileReference; lastKnownFileType = text.plist.xml; path = Info.plist; sourceTree = "<group>"; };
		6614044F1AE5D95D003020C7 /* main.m */ = {isa = PBXFileReference; lastKnownFileType = sourcecode.c.objc; path = main.m; sourceTree = "<group>"; };
		661404511AE5D95D003020C7 /* AppDelegate.h */ = {isa = PBXFileReference; lastKnownFileType = sourcecode.c.h; path = AppDelegate.h; sourceTree = "<group>"; };
		661404521AE5D95D003020C7 /* AppDelegate.m */ = {isa = PBXFileReference; lastKnownFileType = sourcecode.c.objc; path = AppDelegate.m; sourceTree = "<group>"; };
		661404541AE5D95D003020C7 /* GameScene.h */ = {isa = PBXFileReference; lastKnownFileType = sourcecode.c.h; path = GameScene.h; sourceTree = "<group>"; };
		661404551AE5D95D003020C7 /* GameScene.m */ = {isa = PBXFileReference; lastKnownFileType = sourcecode.c.objc; path = GameScene.m; sourceTree = "<group>"; };
		661404571AE5D95D003020C7 /* GameScene.sks */ = {isa = PBXFileReference; lastKnownFileType = file.sks; path = GameScene.sks; sourceTree = "<group>"; };
		661404591AE5D95D003020C7 /* GameViewController.h */ = {isa = PBXFileReference; lastKnownFileType = sourcecode.c.h; path = GameViewController.h; sourceTree = "<group>"; };
		6614045A1AE5D95D003020C7 /* GameViewController.m */ = {isa = PBXFileReference; lastKnownFileType = sourcecode.c.objc; path = GameViewController.m; sourceTree = "<group>"; };
		6614045D1AE5D95D003020C7 /* Base */ = {isa = PBXFileReference; lastKnownFileType = file.storyboard; name = Base; path = Base.lproj/Main.storyboard; sourceTree = "<group>"; };
		6614045F1AE5D95D003020C7 /* Images.xcassets */ = {isa = PBXFileReference; lastKnownFileType = folder.assetcatalog; path = Images.xcassets; sourceTree = "<group>"; };
		661404621AE5D95D003020C7 /* Base */ = {isa = PBXFileReference; lastKnownFileType = file.xib; name = Base; path = Base.lproj/LaunchScreen.xib; sourceTree = "<group>"; };
		661404681AE5D95D003020C7 /* SpriteKitDemoTests.xctest */ = {isa = PBXFileReference; explicitFileType = wrapper.cfbundle; includeInIndex = 0; path = SpriteKitDemoTests.xctest; sourceTree = BUILT_PRODUCTS_DIR; };
		6614046D1AE5D95D003020C7 /* Info.plist */ = {isa = PBXFileReference; lastKnownFileType = text.plist.xml; path = Info.plist; sourceTree = "<group>"; };
		6614046E1AE5D95D003020C7 /* SpriteKitDemoTests.m */ = {isa = PBXFileReference; lastKnownFileType = sourcecode.c.objc; path = SpriteKitDemoTests.m; sourceTree = "<group>"; };
/* End PBXFileReference section */

/* Begin PBXFrameworksBuildPhase section */
		661404471AE5D95D003020C7 /* Frameworks */ = {
			isa = PBXFrameworksBuildPhase;
			buildActionMask = 2147483647;
			files = (
			);
			runOnlyForDeploymentPostprocessing = 0;
		};
		661404651AE5D95D003020C7 /* Frameworks */ = {
			isa = PBXFrameworksBuildPhase;
			buildActionMask = 2147483647;
			files = (
			);
			runOnlyForDeploymentPostprocessing = 0;
		};
/* End PBXFrameworksBuildPhase section */

/* Begin PBXGroup section */
		661404411AE5D95C003020C7 = {
			isa = PBXGroup;
			children = (
				6614044C1AE5D95D003020C7 /* SpriteKitDemo */,
				6614046B1AE5D95D003020C7 /* SpriteKitDemoTests */,
				6614044B1AE5D95D003020C7 /* Products */,
			);
			sourceTree = "<group>";
		};
		6614044B1AE5D95D003020C7 /* Products */ = {
			isa = PBXGroup;
			children = (
				6614044A1AE5D95D003020C7 /* SpriteKitDemo.app */,
				661404681AE5D95D003020C7 /* SpriteKitDemoTests.xctest */,
			);
			name = Products;
			sourceTree = "<group>";
		};
		6614044C1AE5D95D003020C7 /* SpriteKitDemo */ = {
			isa = PBXGroup;
			children = (
				661404511AE5D95D003020C7 /* AppDelegate.h */,
				661404521AE5D95D003020C7 /* AppDelegate.m */,
				661404541AE5D95D003020C7 /* GameScene.h */,
				661404551AE5D95D003020C7 /* GameScene.m */,
				661404571AE5D95D003020C7 /* GameScene.sks */,
				661404591AE5D95D003020C7 /* GameViewController.h */,
				6614045A1AE5D95D003020C7 /* GameViewController.m */,
				6614045C1AE5D95D003020C7 /* Main.storyboard */,
				6614045F1AE5D95D003020C7 /* Images.xcassets */,
				661404611AE5D95D003020C7 /* LaunchScreen.xib */,
				6614044D1AE5D95D003020C7 /* Supporting Files */,
			);
			path = SpriteKitDemo;
			sourceTree = "<group>";
		};
		6614044D1AE5D95D003020C7 /* Supporting Files */ = {
			isa = PBXGroup;
			children = (
				6614044E1AE5D95D003020C7 /* Info.plist */,
				6614044F1AE5D95D003020C7 /* main.m */,
			);
			name = "Supporting Files";
			sourceTree = "<group>";
		};
		6614046B1AE5D95D003020C7 /* SpriteKitDemoTests */ = {
			isa = PBXGroup;
			children = (
				6614046E1AE5D95D003020C7 /* SpriteKitDemoTests.m */,
				6614046C1AE5D95D003020C7 /* Supporting Files */,
			);
			path = SpriteKitDemoTests;
			sourceTree = "<group>";
		};
		6614046C1AE5D95D003020C7 /* Supporting Files */ = {
			isa = PBXGroup;
			children = (
				6614046D1AE5D95D003020C7 /* Info.plist */,
			);
			name = "Supporting Files";
			sourceTree = "<group>";
		};
/* End PBXGroup section */

/* Begin PBXNativeTarget section */
		661404491AE5D95D003020C7 /* SpriteKitDemo */ = {
			isa = PBXNativeTarget;
			buildConfigurationList = 661404721AE5D95D003020C7 /* Build configuration list for PBXNativeTarget "SpriteKitDemo" */;
			buildPhases = (
				661404461AE5D95D003020C7 /* Sources */,
				661404471AE5D95D003020C7 /* Frameworks */,
				661404481AE5D95D003020C7 /* Resources */,
			);
			buildRules = (
			);
			dependencies = (
			);
			name = SpriteKitDemo;
			productName = SpriteKitDemo;
			productReference = 6614044A1AE5D95D003020C7 /* SpriteKitDemo.app */;
			productType = "com.apple.product-type.application";
		};
		661404671AE5D95D003020C7 /* SpriteKitDemoTests */ = {
			isa = PBXNativeTarget;
			buildConfigurationList = 661404751AE5D95D003020C7 /* Build configuration list for PBXNativeTarget "SpriteKitDemoTests" */;
			buildPhases = (
				661404641AE5D95D003020C7 /* Sources */,
				661404651AE5D95D003020C7 /* Frameworks */,
				661404661AE5D95D003020C7 /* Resources */,
			);
			buildRules = (
			);
			dependencies = (
				6614046A1AE5D95D003020C7 /* PBXTargetDependency */,
			);
			name = SpriteKitDemoTests;
			productName = SpriteKitDemoTests;
			productReference = 661404681AE5D95D003020C7 /* SpriteKitDemoTests.xctest */;
			productType = "com.apple.product-type.bundle.unit-test";
		};
/* End PBXNativeTarget section */

/* Begin PBXProject section */
		661404421AE5D95D003020C7 /* Project object */ = {
			isa = PBXProject;
			attributes = {
				LastUpgradeCheck = 0630;
				ORGANIZATIONNAME = "Robert Lynch Development";
				TargetAttributes = {
					661404491AE5D95D003020C7 = {
						CreatedOnToolsVersion = 6.3;
					};
					661404671AE5D95D003020C7 = {
						CreatedOnToolsVersion = 6.3;
						TestTargetID = 661404491AE5D95D003020C7;
					};
				};
			};
			buildConfigurationList = 661404451AE5D95D003020C7 /* Build configuration list for PBXProject "SpriteKitDemo" */;
			compatibilityVersion = "Xcode 3.2";
			developmentRegion = English;
			hasScannedForEncodings = 0;
			knownRegions = (
				en,
				Base,
			);
			mainGroup = 661404411AE5D95C003020C7;
			productRefGroup = 6614044B1AE5D95D003020C7 /* Products */;
			projectDirPath = "";
			projectRoot = "";
			targets = (
				661404491AE5D95D003020C7 /* SpriteKitDemo */,
				661404671AE5D95D003020C7 /* SpriteKitDemoTests */,
			);
		};
/* End PBXProject section */

/* Begin PBXResourcesBuildPhase section */
		661404481AE5D95D003020C7 /* Resources */ = {
			isa = PBXResourcesBuildPhase;
			buildActionMask = 2147483647;
			files = (
				661404631AE5D95D003020C7 /* LaunchScreen.xib in Resources */,
				661404601AE5D95D003020C7 /* Images.xcassets in Resources */,
				661404581AE5D95D003020C7 /* GameScene.sks in Resources */,
				6614045E1AE5D95D003020C7 /* Main.storyboard in Resources */,
			);
			runOnlyForDeploymentPostprocessing = 0;
		};
		661404661AE5D95D003020C7 /* Resources */ = {
			isa = PBXResourcesBuildPhase;
			buildActionMask = 2147483647;
			files = (
			);
			runOnlyForDeploymentPostprocessing = 0;
		};
/* End PBXResourcesBuildPhase section */

/* Begin PBXSourcesBuildPhase section */
		661404461AE5D95D003020C7 /* Sources */ = {
			isa = PBXSourcesBuildPhase;
			buildActionMask = 2147483647;
			files = (
				6614045B1AE5D95D003020C7 /* GameViewController.m in Sources */,
				661404531AE5D95D003020C7 /* AppDelegate.m in Sources */,
				661404561AE5D95D003020C7 /* GameScene.m in Sources */,
				661404501AE5D95D003020C7 /* main.m in Sources */,
			);
			runOnlyForDeploymentPostprocessing = 0;
		};
		661404641AE5D95D003020C7 /* Sources */ = {
			isa = PBXSourcesBuildPhase;
			buildActionMask = 2147483647;
			files = (
				6614046F1AE5D95D003020C7 /* SpriteKitDemoTests.m in Sources */,
			);
			runOnlyForDeploymentPostprocessing = 0;
		};
/* End PBXSourcesBuildPhase section */

/* Begin PBXTargetDependency section */
		6614046A1AE5D95D003020C7 /* PBXTargetDependency */ = {
			isa = PBXTargetDependency;
			target = 661404491AE5D95D003020C7 /* SpriteKitDemo */;
			targetProxy = 661404691AE5D95D003020C7 /* PBXContainerItemProxy */;
		};
/* End PBXTargetDependency section */

/* Begin PBXVariantGroup section */
		6614045C1AE5D95D003020C7 /* Main.storyboard */ = {
			isa = PBXVariantGroup;
			children = (
				6614045D1AE5D95D003020C7 /* Base */,
			);
			name = Main.storyboard;
			sourceTree = "<group>";
		};
		661404611AE5D95D003020C7 /* LaunchScreen.xib */ = {
			isa = PBXVariantGroup;
			children = (
				661404621AE5D95D003020C7 /* Base */,
			);
			name = LaunchScreen.xib;
			sourceTree = "<group>";
		};
/* End PBXVariantGroup section */

/* Begin XCBuildConfiguration section */
		661404701AE5D95D003020C7 /* Debug */ = {
			isa = XCBuildConfiguration;
			buildSettings = {
				ALWAYS_SEARCH_USER_PATHS = NO;
				CLANG_CXX_LANGUAGE_STANDARD = "gnu++0x";
				CLANG_CXX_LIBRARY = "libc++";
				CLANG_ENABLE_MODULES = YES;
				CLANG_ENABLE_OBJC_ARC = YES;
				CLANG_WARN_BOOL_CONVERSION = YES;
				CLANG_WARN_CONSTANT_CONVERSION = YES;
				CLANG_WARN_DIRECT_OBJC_ISA_USAGE = YES_ERROR;
				CLANG_WARN_EMPTY_BODY = YES;
				CLANG_WARN_ENUM_CONVERSION = YES;
				CLANG_WARN_INT_CONVERSION = YES;
				CLANG_WARN_OBJC_ROOT_CLASS = YES_ERROR;
				CLANG_WARN_UNREACHABLE_CODE = YES;
				CLANG_WARN__DUPLICATE_METHOD_MATCH = YES;
				"CODE_SIGN_IDENTITY[sdk=iphoneos*]" = "iPhone Developer";
				COPY_PHASE_STRIP = NO;
				DEBUG_INFORMATION_FORMAT = "dwarf-with-dsym";
				ENABLE_STRICT_OBJC_MSGSEND = YES;
				GCC_C_LANGUAGE_STANDARD = gnu99;
				GCC_DYNAMIC_NO_PIC = NO;
				GCC_NO_COMMON_BLOCKS = YES;
				GCC_OPTIMIZATION_LEVEL = 0;
				GCC_PREPROCESSOR_DEFINITIONS = (
					"DEBUG=1",
					"$(inherited)",
				);
				GCC_SYMBOLS_PRIVATE_EXTERN = NO;
				GCC_WARN_64_TO_32_BIT_CONVERSION = YES;
				GCC_WARN_ABOUT_RETURN_TYPE = YES_ERROR;
				GCC_WARN_UNDECLARED_SELECTOR = YES;
				GCC_WARN_UNINITIALIZED_AUTOS = YES_AGGRESSIVE;
				GCC_WARN_UNUSED_FUNCTION = YES;
				GCC_WARN_UNUSED_VARIABLE = YES;
				IPHONEOS_DEPLOYMENT_TARGET = 8.3;
				MTL_ENABLE_DEBUG_INFO = YES;
				ONLY_ACTIVE_ARCH = YES;
				SDKROOT = iphoneos;
				TARGETED_DEVICE_FAMILY = 2;
			};
			name = Debug;
		};
		661404711AE5D95D003020C7 /* Release */ = {
			isa = XCBuildConfiguration;
			buildSettings = {
				ALWAYS_SEARCH_USER_PATHS = NO;
				CLANG_CXX_LANGUAGE_STANDARD = "gnu++0x";
				CLANG_CXX_LIBRARY = "libc++";
				CLANG_ENABLE_MODULES = YES;
				CLANG_ENABLE_OBJC_ARC = YES;
				CLANG_WARN_BOOL_CONVERSION = YES;
				CLANG_WARN_CONSTANT_CONVERSION = YES;
				CLANG_WARN_DIRECT_OBJC_ISA_USAGE = YES_ERROR;
				CLANG_WARN_EMPTY_BODY = YES;
				CLANG_WARN_ENUM_CONVERSION = YES;
				CLANG_WARN_INT_CONVERSION = YES;
				CLANG_WARN_OBJC_ROOT_CLASS = YES_ERROR;
				CLANG_WARN_UNREACHABLE_CODE = YES;
				CLANG_WARN__DUPLICATE_METHOD_MATCH = YES;
				"CODE_SIGN_IDENTITY[sdk=iphoneos*]" = "iPhone Developer";
				COPY_PHASE_STRIP = NO;
				DEBUG_INFORMATION_FORMAT = "dwarf-with-dsym";
				ENABLE_NS_ASSERTIONS = NO;
				ENABLE_STRICT_OBJC_MSGSEND = YES;
				GCC_C_LANGUAGE_STANDARD = gnu99;
				GCC_NO_COMMON_BLOCKS = YES;
				GCC_WARN_64_TO_32_BIT_CONVERSION = YES;
				GCC_WARN_ABOUT_RETURN_TYPE = YES_ERROR;
				GCC_WARN_UNDECLARED_SELECTOR = YES;
				GCC_WARN_UNINITIALIZED_AUTOS = YES_AGGRESSIVE;
				GCC_WARN_UNUSED_FUNCTION = YES;
				GCC_WARN_UNUSED_VARIABLE = YES;
				IPHONEOS_DEPLOYMENT_TARGET = 8.3;
				MTL_ENABLE_DEBUG_INFO = NO;
				SDKROOT = iphoneos;
				TARGETED_DEVICE_FAMILY = 2;
				VALIDATE_PRODUCT = YES;
			};
			name = Release;
		};
		661404731AE5D95D003020C7 /* Debug */ = {
			isa = XCBuildConfiguration;
			buildSettings = {
				ASSETCATALOG_COMPILER_APPICON_NAME = AppIcon;
				INFOPLIST_FILE = SpriteKitDemo/Info.plist;
				LD_RUNPATH_SEARCH_PATHS = "$(inherited) @executable_path/Frameworks";
				PRODUCT_NAME = "$(TARGET_NAME)";
			};
			name = Debug;
		};
		661404741AE5D95D003020C7 /* Release */ = {
			isa = XCBuildConfiguration;
			buildSettings = {
				ASSETCATALOG_COMPILER_APPICON_NAME = AppIcon;
				INFOPLIST_FILE = SpriteKitDemo/Info.plist;
				LD_RUNPATH_SEARCH_PATHS = "$(inherited) @executable_path/Frameworks";
				PRODUCT_NAME = "$(TARGET_NAME)";
			};
			name = Release;
		};
		661404761AE5D95D003020C7 /* Debug */ = {
			isa = XCBuildConfiguration;
			buildSettings = {
				BUNDLE_LOADER = "$(TEST_HOST)";
				FRAMEWORK_SEARCH_PATHS = (
					"$(SDKROOT)/Developer/Library/Frameworks",
					"$(inherited)",
				);
				GCC_PREPROCESSOR_DEFINITIONS = (
					"DEBUG=1",
					"$(inherited)",
				);
				INFOPLIST_FILE = SpriteKitDemoTests/Info.plist;
				LD_RUNPATH_SEARCH_PATHS = "$(inherited) @executable_path/Frameworks @loader_path/Frameworks";
				PRODUCT_NAME = "$(TARGET_NAME)";
				TEST_HOST = "$(BUILT_PRODUCTS_DIR)/SpriteKitDemo.app/SpriteKitDemo";
			};
			name = Debug;
		};
		661404771AE5D95D003020C7 /* Release */ = {
			isa = XCBuildConfiguration;
			buildSettings = {
				BUNDLE_LOADER = "$(TEST_HOST)";
				FRAMEWORK_SEARCH_PATHS = (
					"$(SDKROOT)/Developer/Library/Frameworks",
					"$(inherited)",
				);
				INFOPLIST_FILE = SpriteKitDemoTests/Info.plist;
				LD_RUNPATH_SEARCH_PATHS = "$(inherited) @executable_path/Frameworks @loader_path/Frameworks";
				PRODUCT_NAME = "$(TARGET_NAME)";
				TEST_HOST = "$(BUILT_PRODUCTS_DIR)/SpriteKitDemo.app/SpriteKitDemo";
			};
			name = Release;
		};
/* End XCBuildConfiguration section */

/* Begin XCConfigurationList section */
		661404451AE5D95D003020C7 /* Build configuration list for PBXProject "SpriteKitDemo" */ = {
			isa = XCConfigurationList;
			buildConfigurations = (
				661404701AE5D95D003020C7 /* Debug */,
				661404711AE5D95D003020C7 /* Release */,
			);
			defaultConfigurationIsVisible = 0;
			defaultConfigurationName = Release;
		};
		661404721AE5D95D003020C7 /* Build configuration list for PBXNativeTarget "SpriteKitDemo" */ = {
			isa = XCConfigurationList;
			buildConfigurations = (
				661404731AE5D95D003020C7 /* Debug */,
				661404741AE5D95D003020C7 /* Release */,
			);
			defaultConfigurationIsVisible = 0;
		};
		661404751AE5D95D003020C7 /* Build configuration list for PBXNativeTarget "SpriteKitDemoTests" */ = {
			isa = XCConfigurationList;
			buildConfigurations = (
				661404761AE5D95D003020C7 /* Debug */,
				661404771AE5D95D003020C7 /* Release */,
			);
			defaultConfigurationIsVisible = 0;
		};
/* End XCConfigurationList section */
	};
	rootObject = 661404421AE5D95D003020C7 /* Project object */;
}
